
Microsoft Visual Studio Solution File, Format Version 12.00
# Visual Studio Version 16
VisualStudioVersion = 16.0.30011.22
MinimumVisualStudioVersion = 10.0.40219.1
Project("{FAE04EC0-301F-11D3-BF4B-00C04F79EFBC}") = "chapter6", "chapter6\chapter6.csproj", "{0D8D70E7-D435-4DD4-BCF8-8FACED5E6CF5}"
EndProject
Global
	GlobalSection(SolutionConfigurationPlatforms) = preSolution
		Debug|Any CPU = Debug|Any CPU
		Release|Any CPU = Release|Any CPU
	EndGlobalSection
	GlobalSection(ProjectConfigurationPlatforms) = postSolution
		{0D8D70E7-D435-4DD4-BCF8-8FACED5E6CF5}.Debug|Any CPU.ActiveCfg = Debug|Any CPU
		{0D8D70E7-D435-4DD4-BCF8-8FACED5E6CF5}.Debug|Any CPU.Build.0 = Debug|Any CPU
		{0D8D70E7-D435-4DD4-BCF8-8FACED5E6CF5}.Release|Any CPU.ActiveCfg = Release|Any CPU
		{0D8D70E7-D435-4DD4-BCF8-8FACED5E6CF5}.Release|Any CPU.Build.0 = Release|Any CPU
	EndGlobalSection
	GlobalSection(SolutionProperties) = preSolution
		HideSolutionNode = FALSE
	EndGlobalSection
	GlobalSection(ExtensibilityGlobals) = postSolution
		SolutionGuid = {3C011BD6-E757-4D9E-BCA7-AC105C411EA8}
	EndGlobalSection
EndGlobal
