
Microsoft Visual Studio Solution File, Format Version 12.00
# Visual Studio Version 16
VisualStudioVersion = 16.0.30011.22
MinimumVisualStudioVersion = 10.0.40219.1
Project("{FAE04EC0-301F-11D3-BF4B-00C04F79EFBC}") = "chapter8", "chapter8\chapter8.csproj", "{2C3B1488-2E09-4301-BFD5-7F80A9FAB277}"
EndProject
Global
	GlobalSection(SolutionConfigurationPlatforms) = preSolution
		Debug|Any CPU = Debug|Any CPU
		Release|Any CPU = Release|Any CPU
	EndGlobalSection
	GlobalSection(ProjectConfigurationPlatforms) = postSolution
		{2C3B1488-2E09-4301-BFD5-7F80A9FAB277}.Debug|Any CPU.ActiveCfg = Debug|Any CPU
		{2C3B1488-2E09-4301-BFD5-7F80A9FAB277}.Debug|Any CPU.Build.0 = Debug|Any CPU
		{2C3B1488-2E09-4301-BFD5-7F80A9FAB277}.Release|Any CPU.ActiveCfg = Release|Any CPU
		{2C3B1488-2E09-4301-BFD5-7F80A9FAB277}.Release|Any CPU.Build.0 = Release|Any CPU
	EndGlobalSection
	GlobalSection(SolutionProperties) = preSolution
		HideSolutionNode = FALSE
	EndGlobalSection
	GlobalSection(ExtensibilityGlobals) = postSolution
		SolutionGuid = {A419E11E-B48D-416A-BC1B-C09D9183701D}
	EndGlobalSection
EndGlobal
