
Microsoft Visual Studio Solution File, Format Version 12.00
# Visual Studio Version 16
VisualStudioVersion = 16.0.30011.22
MinimumVisualStudioVersion = 10.0.40219.1
Project("{FAE04EC0-301F-11D3-BF4B-00C04F79EFBC}") = "ConsoleApp5", "ConsoleApp5\ConsoleApp5.csproj", "{D9978690-F5B4-46CB-8DE3-320334E6A0CA}"
EndProject
Global
	GlobalSection(SolutionConfigurationPlatforms) = preSolution
		Debug|Any CPU = Debug|Any CPU
		Release|Any CPU = Release|Any CPU
	EndGlobalSection
	GlobalSection(ProjectConfigurationPlatforms) = postSolution
		{D9978690-F5B4-46CB-8DE3-320334E6A0CA}.Debug|Any CPU.ActiveCfg = Debug|Any CPU
		{D9978690-F5B4-46CB-8DE3-320334E6A0CA}.Debug|Any CPU.Build.0 = Debug|Any CPU
		{D9978690-F5B4-46CB-8DE3-320334E6A0CA}.Release|Any CPU.ActiveCfg = Release|Any CPU
		{D9978690-F5B4-46CB-8DE3-320334E6A0CA}.Release|Any CPU.Build.0 = Release|Any CPU
	EndGlobalSection
	GlobalSection(SolutionProperties) = preSolution
		HideSolutionNode = FALSE
	EndGlobalSection
	GlobalSection(ExtensibilityGlobals) = postSolution
		SolutionGuid = {15B7A47E-5C88-4E34-B396-D0598D108557}
	EndGlobalSection
EndGlobal
